// !$*UTF8*$!
{
	archiveVersion = 1;
	classes = {
	};
	objectVersion = 50;
	objects = {

/* Begin PBXBuildFile section */
		0C4286EA74106A45F0E98A44 /* Pods_UIPasteboard.framework in Frameworks */ = {isa = PBXBuildFile; fileRef = FB25D96020F3FA2AA8970712 /* Pods_UIPasteboard.framework */; };
		545ED71421EF50450031EE98 /* AppDelegate.swift in Sources */ = {isa = PBXBuildFile; fileRef = 545ED71321EF50450031EE98 /* AppDelegate.swift */; };
		545ED71621EF50450031EE98 /* ViewController.swift in Sources */ = {isa = PBXBuildFile; fileRef = 545ED71521EF50450031EE98 /* ViewController.swift */; };
		545ED71921EF50450031EE98 /* Main.storyboard in Resources */ = {isa = PBXBuildFile; fileRef = 545ED71721EF50450031EE98 /* Main.storyboard */; };
		545ED71B21EF50490031EE98 /* Assets.xcassets in Resources */ = {isa = PBXBuildFile; fileRef = 545ED71A21EF50490031EE98 /* Assets.xcassets */; };
		545ED71E21EF50490031EE98 /* LaunchScreen.storyboard in Resources */ = {isa = PBXBuildFile; fileRef = 545ED71C21EF50490031EE98 /* LaunchScreen.storyboard */; };
		545ED72921EF50490031EE98 /* UIPasteboardTests.swift in Sources */ = {isa = PBXBuildFile; fileRef = 545ED72821EF50490031EE98 /* UIPasteboardTests.swift */; };
		545ED73421EF50490031EE98 /* UIPasteboardUITests.swift in Sources */ = {isa = PBXBuildFile; fileRef = 545ED73321EF50490031EE98 /* UIPasteboardUITests.swift */; };
		801995D98A5B7C423C2D019F /* Pods_UIPasteboardTests.framework in Frameworks */ = {isa = PBXBuildFile; fileRef = 0686080F3B7C588E59283456 /* Pods_UIPasteboardTests.framework */; };
		8DE2E9B8A7FC559FB9C05DA2 /* Pods_UIPasteboardUITests.framework in Frameworks */ = {isa = PBXBuildFile; fileRef = 6C4DB42F870716248A7A1FA1 /* Pods_UIPasteboardUITests.framework */; };
/* End PBXBuildFile section */

/* Begin PBXContainerItemProxy section */
		545ED72521EF50490031EE98 /* PBXContainerItemProxy */ = {
			isa = PBXContainerItemProxy;
			containerPortal = 545ED70821EF50450031EE98 /* Project object */;
			proxyType = 1;
			remoteGlobalIDString = 545ED70F21EF50450031EE98;
			remoteInfo = UIPasteboard;
		};
		545ED73021EF50490031EE98 /* PBXContainerItemProxy */ = {
			isa = PBXContainerItemProxy;
			containerPortal = 545ED70821EF50450031EE98 /* Project object */;
			proxyType = 1;
			remoteGlobalIDString = 545ED70F21EF50450031EE98;
			remoteInfo = UIPasteboard;
		};
/* End PBXContainerItemProxy section */

/* Begin PBXFileReference section */
		00AD75A192C14633F03DDADE /* Pods-UIPasteboardTests.release.xcconfig */ = {isa = PBXFileReference; includeInIndex = 1; lastKnownFileType = text.xcconfig; name = "Pods-UIPasteboardTests.release.xcconfig"; path = "Pods/Target Support Files/Pods-UIPasteboardTests/Pods-UIPasteboardTests.release.xcconfig"; sourceTree = "<group>"; };
		0686080F3B7C588E59283456 /* Pods_UIPasteboardTests.framework */ = {isa = PBXFileReference; explicitFileType = wrapper.framework; includeInIndex = 0; path = Pods_UIPasteboardTests.framework; sourceTree = BUILT_PRODUCTS_DIR; };
		0CDBCE3CFEFFB541E37BFCE8 /* Pods-UIPasteboardUITests.debug.xcconfig */ = {isa = PBXFileReference; includeInIndex = 1; lastKnownFileType = text.xcconfig; name = "Pods-UIPasteboardUITests.debug.xcconfig"; path = "Pods/Target Support Files/Pods-UIPasteboardUITests/Pods-UIPasteboardUITests.debug.xcconfig"; sourceTree = "<group>"; };
		545ED71021EF50450031EE98 /* UIPasteboard.app */ = {isa = PBXFileReference; explicitFileType = wrapper.application; includeInIndex = 0; path = UIPasteboard.app; sourceTree = BUILT_PRODUCTS_DIR; };
		545ED71321EF50450031EE98 /* AppDelegate.swift */ = {isa = PBXFileReference; lastKnownFileType = sourcecode.swift; path = AppDelegate.swift; sourceTree = "<group>"; };
		545ED71521EF50450031EE98 /* ViewController.swift */ = {isa = PBXFileReference; lastKnownFileType = sourcecode.swift; path = ViewController.swift; sourceTree = "<group>"; };
		545ED71821EF50450031EE98 /* Base */ = {isa = PBXFileReference; lastKnownFileType = file.storyboard; name = Base; path = Base.lproj/Main.storyboard; sourceTree = "<group>"; };
		545ED71A21EF50490031EE98 /* Assets.xcassets */ = {isa = PBXFileReference; lastKnownFileType = folder.assetcatalog; path = Assets.xcassets; sourceTree = "<group>"; };
		545ED71D21EF50490031EE98 /* Base */ = {isa = PBXFileReference; lastKnownFileType = file.storyboard; name = Base; path = Base.lproj/LaunchScreen.storyboard; sourceTree = "<group>"; };
		545ED71F21EF50490031EE98 /* Info.plist */ = {isa = PBXFileReference; lastKnownFileType = text.plist.xml; path = Info.plist; sourceTree = "<group>"; };
		545ED72421EF50490031EE98 /* UIPasteboardTests.xctest */ = {isa = PBXFileReference; explicitFileType = wrapper.cfbundle; includeInIndex = 0; path = UIPasteboardTests.xctest; sourceTree = BUILT_PRODUCTS_DIR; };
		545ED72821EF50490031EE98 /* UIPasteboardTests.swift */ = {isa = PBXFileReference; lastKnownFileType = sourcecode.swift; path = UIPasteboardTests.swift; sourceTree = "<group>"; };
		545ED72A21EF50490031EE98 /* Info.plist */ = {isa = PBXFileReference; lastKnownFileType = text.plist.xml; path = Info.plist; sourceTree = "<group>"; };
		545ED72F21EF50490031EE98 /* UIPasteboardUITests.xctest */ = {isa = PBXFileReference; explicitFileType = wrapper.cfbundle; includeInIndex = 0; path = UIPasteboardUITests.xctest; sourceTree = BUILT_PRODUCTS_DIR; };
		545ED73321EF50490031EE98 /* UIPasteboardUITests.swift */ = {isa = PBXFileReference; lastKnownFileType = sourcecode.swift; path = UIPasteboardUITests.swift; sourceTree = "<group>"; };
		545ED73521EF50490031EE98 /* Info.plist */ = {isa = PBXFileReference; lastKnownFileType = text.plist.xml; path = Info.plist; sourceTree = "<group>"; };
		6C4DB42F870716248A7A1FA1 /* Pods_UIPasteboardUITests.framework */ = {isa = PBXFileReference; explicitFileType = wrapper.framework; includeInIndex = 0; path = Pods_UIPasteboardUITests.framework; sourceTree = BUILT_PRODUCTS_DIR; };
		77AC0174059C71262601F07D /* Pods-UIPasteboard.release.xcconfig */ = {isa = PBXFileReference; includeInIndex = 1; lastKnownFileType = text.xcconfig; name = "Pods-UIPasteboard.release.xcconfig"; path = "Pods/Target Support Files/Pods-UIPasteboard/Pods-UIPasteboard.release.xcconfig"; sourceTree = "<group>"; };
		7E5D2248044F277068A43F0D /* Pods-UIPasteboardTests.debug.xcconfig */ = {isa = PBXFileReference; includeInIndex = 1; lastKnownFileType = text.xcconfig; name = "Pods-UIPasteboardTests.debug.xcconfig"; path = "Pods/Target Support Files/Pods-UIPasteboardTests/Pods-UIPasteboardTests.debug.xcconfig"; sourceTree = "<group>"; };
		BA18423B32EE1F8CA67B093A /* Pods-UIPasteboardUITests.release.xcconfig */ = {isa = PBXFileReference; includeInIndex = 1; lastKnownFileType = text.xcconfig; name = "Pods-UIPasteboardUITests.release.xcconfig"; path = "Pods/Target Support Files/Pods-UIPasteboardUITests/Pods-UIPasteboardUITests.release.xcconfig"; sourceTree = "<group>"; };
		DD91575BD72CBA115FA30CC5 /* Pods-UIPasteboard.debug.xcconfig */ = {isa = PBXFileReference; includeInIndex = 1; lastKnownFileType = text.xcconfig; name = "Pods-UIPasteboard.debug.xcconfig"; path = "Pods/Target Support Files/Pods-UIPasteboard/Pods-UIPasteboard.debug.xcconfig"; sourceTree = "<group>"; };
		FB25D96020F3FA2AA8970712 /* Pods_UIPasteboard.framework */ = {isa = PBXFileReference; explicitFileType = wrapper.framework; includeInIndex = 0; path = Pods_UIPasteboard.framework; sourceTree = BUILT_PRODUCTS_DIR; };
/* End PBXFileReference section */

/* Begin PBXFrameworksBuildPhase section */
		545ED70D21EF50450031EE98 /* Frameworks */ = {
			isa = PBXFrameworksBuildPhase;
			buildActionMask = 2147483647;
			files = (
				0C4286EA74106A45F0E98A44 /* Pods_UIPasteboard.framework in Frameworks */,
			);
			runOnlyForDeploymentPostprocessing = 0;
		};
		545ED72121EF50490031EE98 /* Frameworks */ = {
			isa = PBXFrameworksBuildPhase;
			buildActionMask = 2147483647;
			files = (
				801995D98A5B7C423C2D019F /* Pods_UIPasteboardTests.framework in Frameworks */,
			);
			runOnlyForDeploymentPostprocessing = 0;
		};
		545ED72C21EF50490031EE98 /* Frameworks */ = {
			isa = PBXFrameworksBuildPhase;
			buildActionMask = 2147483647;
			files = (
				8DE2E9B8A7FC559FB9C05DA2 /* Pods_UIPasteboardUITests.framework in Frameworks */,
			);
			runOnlyForDeploymentPostprocessing = 0;
		};
/* End PBXFrameworksBuildPhase section */

/* Begin PBXGroup section */
		32D232B5A8DDA883AE66147D /* Frameworks */ = {
			isa = PBXGroup;
			children = (
				FB25D96020F3FA2AA8970712 /* Pods_UIPasteboard.framework */,
				0686080F3B7C588E59283456 /* Pods_UIPasteboardTests.framework */,
				6C4DB42F870716248A7A1FA1 /* Pods_UIPasteboardUITests.framework */,
			);
			name = Frameworks;
			sourceTree = "<group>";
		};
		545ED70721EF50450031EE98 = {
			isa = PBXGroup;
			children = (
				545ED71221EF50450031EE98 /* UIPasteboard */,
				545ED72721EF50490031EE98 /* UIPasteboardTests */,
				545ED73221EF50490031EE98 /* UIPasteboardUITests */,
				545ED71121EF50450031EE98 /* Products */,
				E9ECC23C9B57C906B25EE362 /* Pods */,
				32D232B5A8DDA883AE66147D /* Frameworks */,
			);
			sourceTree = "<group>";
		};
		545ED71121EF50450031EE98 /* Products */ = {
			isa = PBXGroup;
			children = (
				545ED71021EF50450031EE98 /* UIPasteboard.app */,
				545ED72421EF50490031EE98 /* UIPasteboardTests.xctest */,
				545ED72F21EF50490031EE98 /* UIPasteboardUITests.xctest */,
			);
			name = Products;
			sourceTree = "<group>";
		};
		545ED71221EF50450031EE98 /* UIPasteboard */ = {
			isa = PBXGroup;
			children = (
				545ED71321EF50450031EE98 /* AppDelegate.swift */,
				545ED71521EF50450031EE98 /* ViewController.swift */,
				545ED71721EF50450031EE98 /* Main.storyboard */,
				545ED71A21EF50490031EE98 /* Assets.xcassets */,
				545ED71C21EF50490031EE98 /* LaunchScreen.storyboard */,
				545ED71F21EF50490031EE98 /* Info.plist */,
			);
			path = UIPasteboard;
			sourceTree = "<group>";
		};
		545ED72721EF50490031EE98 /* UIPasteboardTests */ = {
			isa = PBXGroup;
			children = (
				545ED72821EF50490031EE98 /* UIPasteboardTests.swift */,
				545ED72A21EF50490031EE98 /* Info.plist */,
			);
			path = UIPasteboardTests;
			sourceTree = "<group>";
		};
		545ED73221EF50490031EE98 /* UIPasteboardUITests */ = {
			isa = PBXGroup;
			children = (
				545ED73321EF50490031EE98 /* UIPasteboardUITests.swift */,
				545ED73521EF50490031EE98 /* Info.plist */,
			);
			path = UIPasteboardUITests;
			sourceTree = "<group>";
		};
		E9ECC23C9B57C906B25EE362 /* Pods */ = {
			isa = PBXGroup;
			children = (
				DD91575BD72CBA115FA30CC5 /* Pods-UIPasteboard.debug.xcconfig */,
				77AC0174059C71262601F07D /* Pods-UIPasteboard.release.xcconfig */,
				7E5D2248044F277068A43F0D /* Pods-UIPasteboardTests.debug.xcconfig */,
				00AD75A192C14633F03DDADE /* Pods-UIPasteboardTests.release.xcconfig */,
				0CDBCE3CFEFFB541E37BFCE8 /* Pods-UIPasteboardUITests.debug.xcconfig */,
				BA18423B32EE1F8CA67B093A /* Pods-UIPasteboardUITests.release.xcconfig */,
			);
			name = Pods;
			sourceTree = "<group>";
		};
/* End PBXGroup section */

/* Begin PBXNativeTarget section */
		545ED70F21EF50450031EE98 /* UIPasteboard */ = {
			isa = PBXNativeTarget;
			buildConfigurationList = 545ED73821EF50490031EE98 /* Build configuration list for PBXNativeTarget "UIPasteboard" */;
			buildPhases = (
				BF44035A18E758E8FB63A86B /* [CP] Check Pods Manifest.lock */,
				545ED70C21EF50450031EE98 /* Sources */,
				545ED70D21EF50450031EE98 /* Frameworks */,
				545ED70E21EF50450031EE98 /* Resources */,
				6FA4B6393FEE8E1071178921 /* [CP] Embed Pods Frameworks */,
			);
			buildRules = (
			);
			dependencies = (
			);
			name = UIPasteboard;
			productName = UIPasteboard;
			productReference = 545ED71021EF50450031EE98 /* UIPasteboard.app */;
			productType = "com.apple.product-type.application";
		};
		545ED72321EF50490031EE98 /* UIPasteboardTests */ = {
			isa = PBXNativeTarget;
			buildConfigurationList = 545ED73B21EF50490031EE98 /* Build configuration list for PBXNativeTarget "UIPasteboardTests" */;
			buildPhases = (
				8BA4A853E9A0D3C4AB75AE4E /* [CP] Check Pods Manifest.lock */,
				545ED72021EF50490031EE98 /* Sources */,
				545ED72121EF50490031EE98 /* Frameworks */,
				545ED72221EF50490031EE98 /* Resources */,
			);
			buildRules = (
			);
			dependencies = (
				545ED72621EF50490031EE98 /* PBXTargetDependency */,
			);
			name = UIPasteboardTests;
			productName = UIPasteboardTests;
			productReference = 545ED72421EF50490031EE98 /* UIPasteboardTests.xctest */;
			productType = "com.apple.product-type.bundle.unit-test";
		};
		545ED72E21EF50490031EE98 /* UIPasteboardUITests */ = {
			isa = PBXNativeTarget;
			buildConfigurationList = 545ED73E21EF50490031EE98 /* Build configuration list for PBXNativeTarget "UIPasteboardUITests" */;
			buildPhases = (
				13D66FB41FA4988A80B1D299 /* [CP] Check Pods Manifest.lock */,
				545ED72B21EF50490031EE98 /* Sources */,
				545ED72C21EF50490031EE98 /* Frameworks */,
				545ED72D21EF50490031EE98 /* Resources */,
			);
			buildRules = (
			);
			dependencies = (
				545ED73121EF50490031EE98 /* PBXTargetDependency */,
			);
			name = UIPasteboardUITests;
			productName = UIPasteboardUITests;
			productReference = 545ED72F21EF50490031EE98 /* UIPasteboardUITests.xctest */;
			productType = "com.apple.product-type.bundle.ui-testing";
		};
/* End PBXNativeTarget section */

/* Begin PBXProject section */
		545ED70821EF50450031EE98 /* Project object */ = {
			isa = PBXProject;
			attributes = {
				LastSwiftUpdateCheck = 1010;
				LastUpgradeCheck = 1010;
				ORGANIZATIONNAME = Deleted;
				TargetAttributes = {
					545ED70F21EF50450031EE98 = {
						CreatedOnToolsVersion = 10.1;
					};
					545ED72321EF50490031EE98 = {
						CreatedOnToolsVersion = 10.1;
						TestTargetID = 545ED70F21EF50450031EE98;
					};
					545ED72E21EF50490031EE98 = {
						CreatedOnToolsVersion = 10.1;
						TestTargetID = 545ED70F21EF50450031EE98;
					};
				};
			};
			buildConfigurationList = 545ED70B21EF50450031EE98 /* Build configuration list for PBXProject "UIPasteboard" */;
			compatibilityVersion = "Xcode 9.3";
			developmentRegion = en;
			hasScannedForEncodings = 0;
			knownRegions = (
				en,
				Base,
			);
			mainGroup = 545ED70721EF50450031EE98;
			productRefGroup = 545ED71121EF50450031EE98 /* Products */;
			projectDirPath = "";
			projectRoot = "";
			targets = (
				545ED70F21EF50450031EE98 /* UIPasteboard */,
				545ED72321EF50490031EE98 /* UIPasteboardTests */,
				545ED72E21EF50490031EE98 /* UIPasteboardUITests */,
			);
		};
/* End PBXProject section */

/* Begin PBXResourcesBuildPhase section */
		545ED70E21EF50450031EE98 /* Resources */ = {
			isa = PBXResourcesBuildPhase;
			buildActionMask = 2147483647;
			files = (
				545ED71E21EF50490031EE98 /* LaunchScreen.storyboard in Resources */,
				545ED71B21EF50490031EE98 /* Assets.xcassets in Resources */,
				545ED71921EF50450031EE98 /* Main.storyboard in Resources */,
			);
			runOnlyForDeploymentPostprocessing = 0;
		};
		545ED72221EF50490031EE98 /* Resources */ = {
			isa = PBXResourcesBuildPhase;
			buildActionMask = 2147483647;
			files = (
			);
			runOnlyForDeploymentPostprocessing = 0;
		};
		545ED72D21EF50490031EE98 /* Resources */ = {
			isa = PBXResourcesBuildPhase;
			buildActionMask = 2147483647;
			files = (
			);
			runOnlyForDeploymentPostprocessing = 0;
		};
/* End PBXResourcesBuildPhase section */

/* Begin PBXShellScriptBuildPhase section */
		13D66FB41FA4988A80B1D299 /* [CP] Check Pods Manifest.lock */ = {
			isa = PBXShellScriptBuildPhase;
			buildActionMask = 2147483647;
			files = (
			);
			inputFileListPaths = (
			);
			inputPaths = (
				"${PODS_PODFILE_DIR_PATH}/Podfile.lock",
				"${PODS_ROOT}/Manifest.lock",
			);
			name = "[CP] Check Pods Manifest.lock";
			outputFileListPaths = (
			);
			outputPaths = (
				"$(DERIVED_FILE_DIR)/Pods-UIPasteboardUITests-checkManifestLockResult.txt",
			);
			runOnlyForDeploymentPostprocessing = 0;
			shellPath = /bin/sh;
			shellScript = "diff \"${PODS_PODFILE_DIR_PATH}/Podfile.lock\" \"${PODS_ROOT}/Manifest.lock\" > /dev/null\nif [ $? != 0 ] ; then\n    # print error to STDERR\n    echo \"error: The sandbox is not in sync with the Podfile.lock. Run 'pod install' or update your CocoaPods installation.\" >&2\n    exit 1\nfi\n# This output is used by Xcode 'outputs' to avoid re-running this script phase.\necho \"SUCCESS\" > \"${SCRIPT_OUTPUT_FILE_0}\"\n";
			showEnvVarsInLog = 0;
		};
		6FA4B6393FEE8E1071178921 /* [CP] Embed Pods Frameworks */ = {
			isa = PBXShellScriptBuildPhase;
			buildActionMask = 2147483647;
			files = (
			);
			inputFileListPaths = (
			);
			inputPaths = (
				"${SRCROOT}/Pods/Target Support Files/Pods-UIPasteboard/Pods-UIPasteboard-frameworks.sh",
				"${BUILT_PRODUCTS_DIR}/SKClient/SKClient.framework",
				"${BUILT_PRODUCTS_DIR}/SKCore/SKCore.framework",
				"${BUILT_PRODUCTS_DIR}/SKRTMAPI/SKRTMAPI.framework",
				"${BUILT_PRODUCTS_DIR}/SKServer/SKServer.framework",
				"${BUILT_PRODUCTS_DIR}/SKWebAPI/SKWebAPI.framework",
				"${BUILT_PRODUCTS_DIR}/SlackKit/SlackKit.framework",
				"${BUILT_PRODUCTS_DIR}/Starscream/Starscream.framework",
				"${BUILT_PRODUCTS_DIR}/Swifter/Swifter.framework",
			);
			name = "[CP] Embed Pods Frameworks";
			outputFileListPaths = (
			);
			outputPaths = (
				"${TARGET_BUILD_DIR}/${FRAMEWORKS_FOLDER_PATH}/SKClient.framework",
				"${TARGET_BUILD_DIR}/${FRAMEWORKS_FOLDER_PATH}/SKCore.framework",
				"${TARGET_BUILD_DIR}/${FRAMEWORKS_FOLDER_PATH}/SKRTMAPI.framework",
				"${TARGET_BUILD_DIR}/${FRAMEWORKS_FOLDER_PATH}/SKServer.framework",
				"${TARGET_BUILD_DIR}/${FRAMEWORKS_FOLDER_PATH}/SKWebAPI.framework",
				"${TARGET_BUILD_DIR}/${FRAMEWORKS_FOLDER_PATH}/SlackKit.framework",
				"${TARGET_BUILD_DIR}/${FRAMEWORKS_FOLDER_PATH}/Starscream.framework",
				"${TARGET_BUILD_DIR}/${FRAMEWORKS_FOLDER_PATH}/Swifter.framework",
			);
			runOnlyForDeploymentPostprocessing = 0;
			shellPath = /bin/sh;
			shellScript = "\"${SRCROOT}/Pods/Target Support Files/Pods-UIPasteboard/Pods-UIPasteboard-frameworks.sh\"\n";
			showEnvVarsInLog = 0;
		};
		8BA4A853E9A0D3C4AB75AE4E /* [CP] Check Pods Manifest.lock */ = {
			isa = PBXShellScriptBuildPhase;
			buildActionMask = 2147483647;
			files = (
			);
			inputFileListPaths = (
			);
			inputPaths = (
				"${PODS_PODFILE_DIR_PATH}/Podfile.lock",
				"${PODS_ROOT}/Manifest.lock",
			);
			name = "[CP] Check Pods Manifest.lock";
			outputFileListPaths = (
			);
			outputPaths = (
				"$(DERIVED_FILE_DIR)/Pods-UIPasteboardTests-checkManifestLockResult.txt",
			);
			runOnlyForDeploymentPostprocessing = 0;
			shellPath = /bin/sh;
			shellScript = "diff \"${PODS_PODFILE_DIR_PATH}/Podfile.lock\" \"${PODS_ROOT}/Manifest.lock\" > /dev/null\nif [ $? != 0 ] ; then\n    # print error to STDERR\n    echo \"error: The sandbox is not in sync with the Podfile.lock. Run 'pod install' or update your CocoaPods installation.\" >&2\n    exit 1\nfi\n# This output is used by Xcode 'outputs' to avoid re-running this script phase.\necho \"SUCCESS\" > \"${SCRIPT_OUTPUT_FILE_0}\"\n";
			showEnvVarsInLog = 0;
		};
		BF44035A18E758E8FB63A86B /* [CP] Check Pods Manifest.lock */ = {
			isa = PBXShellScriptBuildPhase;
			buildActionMask = 2147483647;
			files = (
			);
			inputFileListPaths = (
			);
			inputPaths = (
				"${PODS_PODFILE_DIR_PATH}/Podfile.lock",
				"${PODS_ROOT}/Manifest.lock",
			);
			name = "[CP] Check Pods Manifest.lock";
			outputFileListPaths = (
			);
			outputPaths = (
				"$(DERIVED_FILE_DIR)/Pods-UIPasteboard-checkManifestLockResult.txt",
			);
			runOnlyForDeploymentPostprocessing = 0;
			shellPath = /bin/sh;
			shellScript = "diff \"${PODS_PODFILE_DIR_PATH}/Podfile.lock\" \"${PODS_ROOT}/Manifest.lock\" > /dev/null\nif [ $? != 0 ] ; then\n    # print error to STDERR\n    echo \"error: The sandbox is not in sync with the Podfile.lock. Run 'pod install' or update your CocoaPods installation.\" >&2\n    exit 1\nfi\n# This output is used by Xcode 'outputs' to avoid re-running this script phase.\necho \"SUCCESS\" > \"${SCRIPT_OUTPUT_FILE_0}\"\n";
			showEnvVarsInLog = 0;
		};
/* End PBXShellScriptBuildPhase section */

/* Begin PBXSourcesBuildPhase section */
		545ED70C21EF50450031EE98 /* Sources */ = {
			isa = PBXSourcesBuildPhase;
			buildActionMask = 2147483647;
			files = (
				545ED71621EF50450031EE98 /* ViewController.swift in Sources */,
				545ED71421EF50450031EE98 /* AppDelegate.swift in Sources */,
			);
			runOnlyForDeploymentPostprocessing = 0;
		};
		545ED72021EF50490031EE98 /* Sources */ = {
			isa = PBXSourcesBuildPhase;
			buildActionMask = 2147483647;
			files = (
				545ED72921EF50490031EE98 /* UIPasteboardTests.swift in Sources */,
			);
			runOnlyForDeploymentPostprocessing = 0;
		};
		545ED72B21EF50490031EE98 /* Sources */ = {
			isa = PBXSourcesBuildPhase;
			buildActionMask = 2147483647;
			files = (
				545ED73421EF50490031EE98 /* UIPasteboardUITests.swift in Sources */,
			);
			runOnlyForDeploymentPostprocessing = 0;
		};
/* End PBXSourcesBuildPhase section */

/* Begin PBXTargetDependency section */
		545ED72621EF50490031EE98 /* PBXTargetDependency */ = {
			isa = PBXTargetDependency;
			target = 545ED70F21EF50450031EE98 /* UIPasteboard */;
			targetProxy = 545ED72521EF50490031EE98 /* PBXContainerItemProxy */;
		};
		545ED73121EF50490031EE98 /* PBXTargetDependency */ = {
			isa = PBXTargetDependency;
			target = 545ED70F21EF50450031EE98 /* UIPasteboard */;
			targetProxy = 545ED73021EF50490031EE98 /* PBXContainerItemProxy */;
		};
/* End PBXTargetDependency section */

/* Begin PBXVariantGroup section */
		545ED71721EF50450031EE98 /* Main.storyboard */ = {
			isa = PBXVariantGroup;
			children = (
				545ED71821EF50450031EE98 /* Base */,
			);
			name = Main.storyboard;
			sourceTree = "<group>";
		};
		545ED71C21EF50490031EE98 /* LaunchScreen.storyboard */ = {
			isa = PBXVariantGroup;
			children = (
				545ED71D21EF50490031EE98 /* Base */,
			);
			name = LaunchScreen.storyboard;
			sourceTree = "<group>";
		};
/* End PBXVariantGroup section */

/* Begin XCBuildConfiguration section */
		545ED73621EF50490031EE98 /* Debug */ = {
			isa = XCBuildConfiguration;
			buildSettings = {
				ALWAYS_SEARCH_USER_PATHS = NO;
				CLANG_ANALYZER_NONNULL = YES;
				CLANG_ANALYZER_NUMBER_OBJECT_CONVERSION = YES_AGGRESSIVE;
				CLANG_CXX_LANGUAGE_STANDARD = "gnu++14";
				CLANG_CXX_LIBRARY = "libc++";
				CLANG_ENABLE_MODULES = YES;
				CLANG_ENABLE_OBJC_ARC = YES;
				CLANG_ENABLE_OBJC_WEAK = YES;
				CLANG_WARN_BLOCK_CAPTURE_AUTORELEASING = YES;
				CLANG_WARN_BOOL_CONVERSION = YES;
				CLANG_WARN_COMMA = YES;
				CLANG_WARN_CONSTANT_CONVERSION = YES;
				CLANG_WARN_DEPRECATED_OBJC_IMPLEMENTATIONS = YES;
				CLANG_WARN_DIRECT_OBJC_ISA_USAGE = YES_ERROR;
				CLANG_WARN_DOCUMENTATION_COMMENTS = YES;
				CLANG_WARN_EMPTY_BODY = YES;
				CLANG_WARN_ENUM_CONVERSION = YES;
				CLANG_WARN_INFINITE_RECURSION = YES;
				CLANG_WARN_INT_CONVERSION = YES;
				CLANG_WARN_NON_LITERAL_NULL_CONVERSION = YES;
				CLANG_WARN_OBJC_IMPLICIT_RETAIN_SELF = YES;
				CLANG_WARN_OBJC_LITERAL_CONVERSION = YES;
				CLANG_WARN_OBJC_ROOT_CLASS = YES_ERROR;
				CLANG_WARN_RANGE_LOOP_ANALYSIS = YES;
				CLANG_WARN_STRICT_PROTOTYPES = YES;
				CLANG_WARN_SUSPICIOUS_MOVE = YES;
				CLANG_WARN_UNGUARDED_AVAILABILITY = YES_AGGRESSIVE;
				CLANG_WARN_UNREACHABLE_CODE = YES;
				CLANG_WARN__DUPLICATE_METHOD_MATCH = YES;
				CODE_SIGN_IDENTITY = "iPhone Developer";
				COPY_PHASE_STRIP = NO;
				DEBUG_INFORMATION_FORMAT = dwarf;
				ENABLE_STRICT_OBJC_MSGSEND = YES;
				ENABLE_TESTABILITY = YES;
				GCC_C_LANGUAGE_STANDARD = gnu11;
				GCC_DYNAMIC_NO_PIC = NO;
				GCC_NO_COMMON_BLOCKS = YES;
				GCC_OPTIMIZATION_LEVEL = 0;
				GCC_PREPROCESSOR_DEFINITIONS = (
					"DEBUG=1",
					"$(inherited)",
				);
				GCC_WARN_64_TO_32_BIT_CONVERSION = YES;
				GCC_WARN_ABOUT_RETURN_TYPE = YES_ERROR;
				GCC_WARN_UNDECLARED_SELECTOR = YES;
				GCC_WARN_UNINITIALIZED_AUTOS = YES_AGGRESSIVE;
				GCC_WARN_UNUSED_FUNCTION = YES;
				GCC_WARN_UNUSED_VARIABLE = YES;
				IPHONEOS_DEPLOYMENT_TARGET = 12.1;
				MTL_ENABLE_DEBUG_INFO = INCLUDE_SOURCE;
				MTL_FAST_MATH = YES;
				ONLY_ACTIVE_ARCH = YES;
				SDKROOT = iphoneos;
				SWIFT_ACTIVE_COMPILATION_CONDITIONS = DEBUG;
				SWIFT_OPTIMIZATION_LEVEL = "-Onone";
			};
			name = Debug;
		};
		545ED73721EF50490031EE98 /* Release */ = {
			isa = XCBuildConfiguration;
			buildSettings = {
				ALWAYS_SEARCH_USER_PATHS = NO;
				CLANG_ANALYZER_NONNULL = YES;
				CLANG_ANALYZER_NUMBER_OBJECT_CONVERSION = YES_AGGRESSIVE;
				CLANG_CXX_LANGUAGE_STANDARD = "gnu++14";
				CLANG_CXX_LIBRARY = "libc++";
				CLANG_ENABLE_MODULES = YES;
				CLANG_ENABLE_OBJC_ARC = YES;
				CLANG_ENABLE_OBJC_WEAK = YES;
				CLANG_WARN_BLOCK_CAPTURE_AUTORELEASING = YES;
				CLANG_WARN_BOOL_CONVERSION = YES;
				CLANG_WARN_COMMA = YES;
				CLANG_WARN_CONSTANT_CONVERSION = YES;
				CLANG_WARN_DEPRECATED_OBJC_IMPLEMENTATIONS = YES;
				CLANG_WARN_DIRECT_OBJC_ISA_USAGE = YES_ERROR;
				CLANG_WARN_DOCUMENTATION_COMMENTS = YES;
				CLANG_WARN_EMPTY_BODY = YES;
				CLANG_WARN_ENUM_CONVERSION = YES;
				CLANG_WARN_INFINITE_RECURSION = YES;
				CLANG_WARN_INT_CONVERSION = YES;
				CLANG_WARN_NON_LITERAL_NULL_CONVERSION = YES;
				CLANG_WARN_OBJC_IMPLICIT_RETAIN_SELF = YES;
				CLANG_WARN_OBJC_LITERAL_CONVERSION = YES;
				CLANG_WARN_OBJC_ROOT_CLASS = YES_ERROR;
				CLANG_WARN_RANGE_LOOP_ANALYSIS = YES;
				CLANG_WARN_STRICT_PROTOTYPES = YES;
				CLANG_WARN_SUSPICIOUS_MOVE = YES;
				CLANG_WARN_UNGUARDED_AVAILABILITY = YES_AGGRESSIVE;
				CLANG_WARN_UNREACHABLE_CODE = YES;
				CLANG_WARN__DUPLICATE_METHOD_MATCH = YES;
				CODE_SIGN_IDENTITY = "iPhone Developer";
				COPY_PHASE_STRIP = NO;
				DEBUG_INFORMATION_FORMAT = "dwarf-with-dsym";
				ENABLE_NS_ASSERTIONS = NO;
				ENABLE_STRICT_OBJC_MSGSEND = YES;
				GCC_C_LANGUAGE_STANDARD = gnu11;
				GCC_NO_COMMON_BLOCKS = YES;
				GCC_WARN_64_TO_32_BIT_CONVERSION = YES;
				GCC_WARN_ABOUT_RETURN_TYPE = YES_ERROR;
				GCC_WARN_UNDECLARED_SELECTOR = YES;
				GCC_WARN_UNINITIALIZED_AUTOS = YES_AGGRESSIVE;
				GCC_WARN_UNUSED_FUNCTION = YES;
				GCC_WARN_UNUSED_VARIABLE = YES;
				IPHONEOS_DEPLOYMENT_TARGET = 12.1;
				MTL_ENABLE_DEBUG_INFO = NO;
				MTL_FAST_MATH = YES;
				SDKROOT = iphoneos;
				SWIFT_COMPILATION_MODE = wholemodule;
				SWIFT_OPTIMIZATION_LEVEL = "-O";
				VALIDATE_PRODUCT = YES;
			};
			name = Release;
		};
		545ED73921EF50490031EE98 /* Debug */ = {
			isa = XCBuildConfiguration;
			baseConfigurationReference = DD91575BD72CBA115FA30CC5 /* Pods-UIPasteboard.debug.xcconfig */;
			buildSettings = {
				ASSETCATALOG_COMPILER_APPICON_NAME = AppIcon;
				CODE_SIGN_STYLE = Automatic;
				DEVELOPMENT_TEAM = V7GY774XS3;
				INFOPLIST_FILE = UIPasteboard/Info.plist;
				LD_RUNPATH_SEARCH_PATHS = (
					"$(inherited)",
					"@executable_path/Frameworks",
				);
				PRODUCT_BUNDLE_IDENTIFIER = com.deleted.pasteboard.UIPasteboard;
				PRODUCT_NAME = "$(TARGET_NAME)";
				SWIFT_VERSION = 4.2;
				TARGETED_DEVICE_FAMILY = "1,2";
			};
			name = Debug;
		};
		545ED73A21EF50490031EE98 /* Release */ = {
			isa = XCBuildConfiguration;
			baseConfigurationReference = 77AC0174059C71262601F07D /* Pods-UIPasteboard.release.xcconfig */;
			buildSettings = {
				ASSETCATALOG_COMPILER_APPICON_NAME = AppIcon;
				CODE_SIGN_STYLE = Automatic;
				DEVELOPMENT_TEAM = V7GY774XS3;
				INFOPLIST_FILE = UIPasteboard/Info.plist;
				LD_RUNPATH_SEARCH_PATHS = (
					"$(inherited)",
					"@executable_path/Frameworks",
				);
				PRODUCT_BUNDLE_IDENTIFIER = com.deleted.pasteboard.UIPasteboard;
				PRODUCT_NAME = "$(TARGET_NAME)";
				SWIFT_VERSION = 4.2;
				TARGETED_DEVICE_FAMILY = "1,2";
			};
			name = Release;
		};
		545ED73C21EF50490031EE98 /* Debug */ = {
			isa = XCBuildConfiguration;
			baseConfigurationReference = 7E5D2248044F277068A43F0D /* Pods-UIPasteboardTests.debug.xcconfig */;
			buildSettings = {
				ALWAYS_EMBED_SWIFT_STANDARD_LIBRARIES = YES;
				BUNDLE_LOADER = "$(TEST_HOST)";
				CODE_SIGN_STYLE = Automatic;
				DEVELOPMENT_TEAM = V7GY774XS3;
				INFOPLIST_FILE = UIPasteboardTests/Info.plist;
				LD_RUNPATH_SEARCH_PATHS = (
					"$(inherited)",
					"@executable_path/Frameworks",
					"@loader_path/Frameworks",
				);
				PRODUCT_BUNDLE_IDENTIFIER = com.deleted.pasteboard.UIPasteboardTests;
				PRODUCT_NAME = "$(TARGET_NAME)";
				SWIFT_VERSION = 4.2;
				TARGETED_DEVICE_FAMILY = "1,2";
				TEST_HOST = "$(BUILT_PRODUCTS_DIR)/UIPasteboard.app/UIPasteboard";
			};
			name = Debug;
		};
		545ED73D21EF50490031EE98 /* Release */ = {
			isa = XCBuildConfiguration;
			baseConfigurationReference = 00AD75A192C14633F03DDADE /* Pods-UIPasteboardTests.release.xcconfig */;
			buildSettings = {
				ALWAYS_EMBED_SWIFT_STANDARD_LIBRARIES = YES;
				BUNDLE_LOADER = "$(TEST_HOST)";
				CODE_SIGN_STYLE = Automatic;
				DEVELOPMENT_TEAM = V7GY774XS3;
				INFOPLIST_FILE = UIPasteboardTests/Info.plist;
				LD_RUNPATH_SEARCH_PATHS = (
					"$(inherited)",
					"@executable_path/Frameworks",
					"@loader_path/Frameworks",
				);
				PRODUCT_BUNDLE_IDENTIFIER = com.deleted.pasteboard.UIPasteboardTests;
				PRODUCT_NAME = "$(TARGET_NAME)";
				SWIFT_VERSION = 4.2;
				TARGETED_DEVICE_FAMILY = "1,2";
				TEST_HOST = "$(BUILT_PRODUCTS_DIR)/UIPasteboard.app/UIPasteboard";
			};
			name = Release;
		};
		545ED73F21EF50490031EE98 /* Debug */ = {
			isa = XCBuildConfiguration;
			baseConfigurationReference = 0CDBCE3CFEFFB541E37BFCE8 /* Pods-UIPasteboardUITests.debug.xcconfig */;
			buildSettings = {
				ALWAYS_EMBED_SWIFT_STANDARD_LIBRARIES = YES;
				CODE_SIGN_STYLE = Automatic;
				DEVELOPMENT_TEAM = V7GY774XS3;
				INFOPLIST_FILE = UIPasteboardUITests/Info.plist;
				LD_RUNPATH_SEARCH_PATHS = (
					"$(inherited)",
					"@executable_path/Frameworks",
					"@loader_path/Frameworks",
				);
				PRODUCT_BUNDLE_IDENTIFIER = com.deleted.pasteboard.UIPasteboardUITests;
				PRODUCT_NAME = "$(TARGET_NAME)";
				SWIFT_VERSION = 4.2;
				TARGETED_DEVICE_FAMILY = "1,2";
				TEST_TARGET_NAME = UIPasteboard;
			};
			name = Debug;
		};
		545ED74021EF50490031EE98 /* Release */ = {
			isa = XCBuildConfiguration;
			baseConfigurationReference = BA18423B32EE1F8CA67B093A /* Pods-UIPasteboardUITests.release.xcconfig */;
			buildSettings = {
				ALWAYS_EMBED_SWIFT_STANDARD_LIBRARIES = YES;
				CODE_SIGN_STYLE = Automatic;
				DEVELOPMENT_TEAM = V7GY774XS3;
				INFOPLIST_FILE = UIPasteboardUITests/Info.plist;
				LD_RUNPATH_SEARCH_PATHS = (
					"$(inherited)",
					"@executable_path/Frameworks",
					"@loader_path/Frameworks",
				);
				PRODUCT_BUNDLE_IDENTIFIER = com.deleted.pasteboard.UIPasteboardUITests;
				PRODUCT_NAME = "$(TARGET_NAME)";
				SWIFT_VERSION = 4.2;
				TARGETED_DEVICE_FAMILY = "1,2";
				TEST_TARGET_NAME = UIPasteboard;
			};
			name = Release;
		};
/* End XCBuildConfiguration section */

/* Begin XCConfigurationList section */
		545ED70B21EF50450031EE98 /* Build configuration list for PBXProject "UIPasteboard" */ = {
			isa = XCConfigurationList;
			buildConfigurations = (
				545ED73621EF50490031EE98 /* Debug */,
				545ED73721EF50490031EE98 /* Release */,
			);
			defaultConfigurationIsVisible = 0;
			defaultConfigurationName = Release;
		};
		545ED73821EF50490031EE98 /* Build configuration list for PBXNativeTarget "UIPasteboard" */ = {
			isa = XCConfigurationList;
			buildConfigurations = (
				545ED73921EF50490031EE98 /* Debug */,
				545ED73A21EF50490031EE98 /* Release */,
			);
			defaultConfigurationIsVisible = 0;
			defaultConfigurationName = Release;
		};
		545ED73B21EF50490031EE98 /* Build configuration list for PBXNativeTarget "UIPasteboardTests" */ = {
			isa = XCConfigurationList;
			buildConfigurations = (
				545ED73C21EF50490031EE98 /* Debug */,
				545ED73D21EF50490031EE98 /* Release */,
			);
			defaultConfigurationIsVisible = 0;
			defaultConfigurationName = Release;
		};
		545ED73E21EF50490031EE98 /* Build configuration list for PBXNativeTarget "UIPasteboardUITests" */ = {
			isa = XCConfigurationList;
			buildConfigurations = (
				545ED73F21EF50490031EE98 /* Debug */,
				545ED74021EF50490031EE98 /* Release */,
			);
			defaultConfigurationIsVisible = 0;
			defaultConfigurationName = Release;
		};
/* End XCConfigurationList section */
	};
	rootObject = 545ED70821EF50450031EE98 /* Project object */;
}
